
Microsoft Visual Studio Solution File, Format Version 12.00
# Visual Studio Version 17
VisualStudioVersion = 17.9.34607.119
MinimumVisualStudioVersion = 10.0.40219.1
Project("{FAE04EC0-301F-11D3-BF4B-00C04F79EFBC}") = "Project_jUMPKING", "Project_jUMPKING.csproj", "{83EF4D3F-1DD3-4834-AC87-484A3AB68D1A}"
EndProject
Global
	GlobalSection(SolutionConfigurationPlatforms) = preSolution
		Debug|Any CPU = Debug|Any CPU
		Release|Any CPU = Release|Any CPU
	EndGlobalSection
	GlobalSection(ProjectConfigurationPlatforms) = postSolution
		{83EF4D3F-1DD3-4834-AC87-484A3AB68D1A}.Debug|Any CPU.ActiveCfg = Debug|Any CPU
		{83EF4D3F-1DD3-4834-AC87-484A3AB68D1A}.Debug|Any CPU.Build.0 = Debug|Any CPU
		{83EF4D3F-1DD3-4834-AC87-484A3AB68D1A}.Release|Any CPU.ActiveCfg = Release|Any CPU
		{83EF4D3F-1DD3-4834-AC87-484A3AB68D1A}.Release|Any CPU.Build.0 = Release|Any CPU
	EndGlobalSection
	GlobalSection(SolutionProperties) = preSolution
		HideSolutionNode = FALSE
	EndGlobalSection
	GlobalSection(ExtensibilityGlobals) = postSolution
		SolutionGuid = {D55AE6A6-3C43-468D-8998-C2DD8D0274DE}
	EndGlobalSection
EndGlobal
